
Microsoft Visual Studio Solution File, Format Version 12.00
# Visual Studio Version 17
VisualStudioVersion = 17.5.33103.201
MinimumVisualStudioVersion = 10.0.40219.1
Project("{FAE04EC0-301F-11D3-BF4B-00C04F79EFBC}") = "WinFormsApp2", "WinFormsApp2\WinFormsApp2.csproj", "{1F2416E4-4BD2-42DD-B350-C92AF0E3EE96}"
EndProject
Global
	GlobalSection(SolutionConfigurationPlatforms) = preSolution
		Debug|Any CPU = Debug|Any CPU
		Release|Any CPU = Release|Any CPU
	EndGlobalSection
	GlobalSection(ProjectConfigurationPlatforms) = postSolution
		{1F2416E4-4BD2-42DD-B350-C92AF0E3EE96}.Debug|Any CPU.ActiveCfg = Debug|Any CPU
		{1F2416E4-4BD2-42DD-B350-C92AF0E3EE96}.Debug|Any CPU.Build.0 = Debug|Any CPU
		{1F2416E4-4BD2-42DD-B350-C92AF0E3EE96}.Release|Any CPU.ActiveCfg = Release|Any CPU
		{1F2416E4-4BD2-42DD-B350-C92AF0E3EE96}.Release|Any CPU.Build.0 = Release|Any CPU
	EndGlobalSection
	GlobalSection(SolutionProperties) = preSolution
		HideSolutionNode = FALSE
	EndGlobalSection
	GlobalSection(ExtensibilityGlobals) = postSolution
		SolutionGuid = {57D7C4EE-2400-400A-96B8-DB4625AC500E}
	EndGlobalSection
EndGlobal
